
Microsoft Visual Studio Solution File, Format Version 12.00
# Visual Studio Version 16
VisualStudioVersion = 16.0.30503.244
MinimumVisualStudioVersion = 10.0.40219.1
Project("{FAE04EC0-301F-11D3-BF4B-00C04F79EFBC}") = "Core2Identity", "Core2Identity\Core2Identity.csproj", "{9B54EF23-449D-4357-ADEE-467E7B755E6E}"
EndProject
Global
	GlobalSection(SolutionConfigurationPlatforms) = preSolution
		Debug|Any CPU = Debug|Any CPU
		Release|Any CPU = Release|Any CPU
	EndGlobalSection
	GlobalSection(ProjectConfigurationPlatforms) = postSolution
		{9B54EF23-449D-4357-ADEE-467E7B755E6E}.Debug|Any CPU.ActiveCfg = Debug|Any CPU
		{9B54EF23-449D-4357-ADEE-467E7B755E6E}.Debug|Any CPU.Build.0 = Debug|Any CPU
		{9B54EF23-449D-4357-ADEE-467E7B755E6E}.Release|Any CPU.ActiveCfg = Release|Any CPU
		{9B54EF23-449D-4357-ADEE-467E7B755E6E}.Release|Any CPU.Build.0 = Release|Any CPU
	EndGlobalSection
	GlobalSection(SolutionProperties) = preSolution
		HideSolutionNode = FALSE
	EndGlobalSection
	GlobalSection(ExtensibilityGlobals) = postSolution
		SolutionGuid = {40246EE6-7951-4335-B3BF-8F7EF92A44A3}
	EndGlobalSection
EndGlobal
